
Microsoft Visual Studio Solution File, Format Version 12.00
# Visual Studio Version 17
VisualStudioVersion = 17.9.34607.119
MinimumVisualStudioVersion = 10.0.40219.1
Project("{8BC9CEB8-8B4A-11D0-8D11-00A0C91BC942}") = "OnlineShoppingCart", "OnlineShoppingCart\OnlineShoppingCart.vcxproj", "{624140C6-0C8E-4B4E-BA9C-6CC41AB9B5D9}"
EndProject
Global
	GlobalSection(SolutionConfigurationPlatforms) = preSolution
		Debug|x64 = Debug|x64
		Debug|x86 = Debug|x86
		Release|x64 = Release|x64
		Release|x86 = Release|x86
	EndGlobalSection
	GlobalSection(ProjectConfigurationPlatforms) = postSolution
		{624140C6-0C8E-4B4E-BA9C-6CC41AB9B5D9}.Debug|x64.ActiveCfg = Debug|x64
		{624140C6-0C8E-4B4E-BA9C-6CC41AB9B5D9}.Debug|x64.Build.0 = Debug|x64
		{624140C6-0C8E-4B4E-BA9C-6CC41AB9B5D9}.Debug|x86.ActiveCfg = Debug|Win32
		{624140C6-0C8E-4B4E-BA9C-6CC41AB9B5D9}.Debug|x86.Build.0 = Debug|Win32
		{624140C6-0C8E-4B4E-BA9C-6CC41AB9B5D9}.Release|x64.ActiveCfg = Release|x64
		{624140C6-0C8E-4B4E-BA9C-6CC41AB9B5D9}.Release|x64.Build.0 = Release|x64
		{624140C6-0C8E-4B4E-BA9C-6CC41AB9B5D9}.Release|x86.ActiveCfg = Release|Win32
		{624140C6-0C8E-4B4E-BA9C-6CC41AB9B5D9}.Release|x86.Build.0 = Release|Win32
	EndGlobalSection
	GlobalSection(SolutionProperties) = preSolution
		HideSolutionNode = FALSE
	EndGlobalSection
	GlobalSection(ExtensibilityGlobals) = postSolution
		SolutionGuid = {C107EDD4-8F24-4F62-806D-A805E7CFD404}
	EndGlobalSection
EndGlobal
